{
  "requires": true,
  "lockfileVersion": 1,
  "dependencies": {
    "bloomrun": {
      "version": "4.1.1",
      "resolved": "https://registry.npmjs.org/bloomrun/-/bloomrun-4.1.1.tgz",
      "integrity": "sha512-Hh4X2cD37yANldNrD/uaExTawDewgSkPvSoyG+ZOmvekbGmc12W2V6u5SRfdUCXjEMM1RBvJk0YHovaVw9xPCg==",
      "requires": {
        "sorted-array-functions": "1.2.0"
      }
    },
    "sorted-array-functions": {
      "version": "1.2.0",
      "resolved": "https://registry.npmjs.org/sorted-array-functions/-/sorted-array-functions-1.2.0.tgz",
      "integrity": "sha512-sWpjPhIZJtqO77GN+LD8dDsDKcWZ9GCOJNqKzi1tvtjGIzwfoyuRH8S0psunmc6Z5P+qfDqztSbwYR5X/e1UTg=="
    }
  }
}
